
Microsoft Visual Studio Solution File, Format Version 12.00
# Visual Studio Version 16
VisualStudioVersion = 16.0.30104.148
MinimumVisualStudioVersion = 10.0.40219.1
Project("{FAE04EC0-301F-11D3-BF4B-00C04F79EFBC}") = "wflp", "wflp\wflp.csproj", "{7CCA8CC4-95FD-4CCE-A2A1-E2620E09B120}"
EndProject
Global
	GlobalSection(SolutionConfigurationPlatforms) = preSolution
		Debug|Any CPU = Debug|Any CPU
		Release|Any CPU = Release|Any CPU
	EndGlobalSection
	GlobalSection(ProjectConfigurationPlatforms) = postSolution
		{7CCA8CC4-95FD-4CCE-A2A1-E2620E09B120}.Debug|Any CPU.ActiveCfg = Debug|Any CPU
		{7CCA8CC4-95FD-4CCE-A2A1-E2620E09B120}.Debug|Any CPU.Build.0 = Debug|Any CPU
		{7CCA8CC4-95FD-4CCE-A2A1-E2620E09B120}.Release|Any CPU.ActiveCfg = Release|Any CPU
		{7CCA8CC4-95FD-4CCE-A2A1-E2620E09B120}.Release|Any CPU.Build.0 = Release|Any CPU
	EndGlobalSection
	GlobalSection(SolutionProperties) = preSolution
		HideSolutionNode = FALSE
	EndGlobalSection
	GlobalSection(ExtensibilityGlobals) = postSolution
		SolutionGuid = {B6AB9E55-FFD3-426A-85D1-F6B2DB28171C}
	EndGlobalSection
EndGlobal
